
Microsoft Visual Studio Solution File, Format Version 12.00
# Visual Studio Version 17
VisualStudioVersion = 17.5.002.0
MinimumVisualStudioVersion = 10.0.40219.1
Project("{9A19103F-16F7-4668-BE54-9A1E7A4F7556}") = "Resolvers.NativeCookies", "Resolvers.NativeCookies\Resolvers.NativeCookies.csproj", "{31846D25-89CE-4CA3-A63F-73CCA8473F0E}"
EndProject
Project("{9A19103F-16F7-4668-BE54-9A1E7A4F7556}") = "Resolvers.NativeQRCode", "Resolvers.NativeQRCode\Resolvers.NativeQRCode.csproj", "{90EFCA05-7E59-462A-A508-08BD42D99398}"
EndProject
Project("{9A19103F-16F7-4668-BE54-9A1E7A4F7556}") = "Resolvers.NativeToken", "Resolvers.NativeToken\Resolvers.NativeToken.csproj", "{DEC03372-D3FD-452E-BAEC-A382B4D41E0B}"
EndProject
Project("{9A19103F-16F7-4668-BE54-9A1E7A4F7556}") = "Resolvers.WinUICookies", "Resolvers.WinUICookies\Resolvers.WinUICookies.csproj", "{D5D541AD-8F11-46E5-B6E0-79CFACE91E16}"
EndProject
Project("{9A19103F-16F7-4668-BE54-9A1E7A4F7556}") = "Resolvers.WinUIToken", "Resolvers.WinUIToken\Resolvers.WinUIToken.csproj", "{BBB11E5F-B98A-498D-BE36-72C868BB5286}"
EndProject
Global
	GlobalSection(SolutionConfigurationPlatforms) = preSolution
		Debug|Any CPU = Debug|Any CPU
		Release|Any CPU = Release|Any CPU
	EndGlobalSection
	GlobalSection(ProjectConfigurationPlatforms) = postSolution
		{31846D25-89CE-4CA3-A63F-73CCA8473F0E}.Debug|Any CPU.ActiveCfg = Debug|Any CPU
		{31846D25-89CE-4CA3-A63F-73CCA8473F0E}.Debug|Any CPU.Build.0 = Debug|Any CPU
		{31846D25-89CE-4CA3-A63F-73CCA8473F0E}.Release|Any CPU.ActiveCfg = Release|Any CPU
		{31846D25-89CE-4CA3-A63F-73CCA8473F0E}.Release|Any CPU.Build.0 = Release|Any CPU
		{90EFCA05-7E59-462A-A508-08BD42D99398}.Debug|Any CPU.ActiveCfg = Debug|Any CPU
		{90EFCA05-7E59-462A-A508-08BD42D99398}.Debug|Any CPU.Build.0 = Debug|Any CPU
		{90EFCA05-7E59-462A-A508-08BD42D99398}.Release|Any CPU.ActiveCfg = Release|Any CPU
		{90EFCA05-7E59-462A-A508-08BD42D99398}.Release|Any CPU.Build.0 = Release|Any CPU
		{DEC03372-D3FD-452E-BAEC-A382B4D41E0B}.Debug|Any CPU.ActiveCfg = Debug|Any CPU
		{DEC03372-D3FD-452E-BAEC-A382B4D41E0B}.Debug|Any CPU.Build.0 = Debug|Any CPU
		{DEC03372-D3FD-452E-BAEC-A382B4D41E0B}.Release|Any CPU.ActiveCfg = Release|Any CPU
		{DEC03372-D3FD-452E-BAEC-A382B4D41E0B}.Release|Any CPU.Build.0 = Release|Any CPU
		{D5D541AD-8F11-46E5-B6E0-79CFACE91E16}.Debug|Any CPU.ActiveCfg = Debug|Any CPU
		{D5D541AD-8F11-46E5-B6E0-79CFACE91E16}.Debug|Any CPU.Build.0 = Debug|Any CPU
		{D5D541AD-8F11-46E5-B6E0-79CFACE91E16}.Release|Any CPU.ActiveCfg = Release|Any CPU
		{D5D541AD-8F11-46E5-B6E0-79CFACE91E16}.Release|Any CPU.Build.0 = Release|Any CPU
		{BBB11E5F-B98A-498D-BE36-72C868BB5286}.Debug|Any CPU.ActiveCfg = Debug|Any CPU
		{BBB11E5F-B98A-498D-BE36-72C868BB5286}.Debug|Any CPU.Build.0 = Debug|Any CPU
		{BBB11E5F-B98A-498D-BE36-72C868BB5286}.Release|Any CPU.ActiveCfg = Release|Any CPU
		{BBB11E5F-B98A-498D-BE36-72C868BB5286}.Release|Any CPU.Build.0 = Release|Any CPU
	EndGlobalSection
	GlobalSection(SolutionProperties) = preSolution
		HideSolutionNode = FALSE
	EndGlobalSection
	GlobalSection(ExtensibilityGlobals) = postSolution
		SolutionGuid = {0CD099D6-DBCD-4DCA-B70F-50CF779BCEB1}
	EndGlobalSection
EndGlobal
